
Microsoft Visual Studio Solution File, Format Version 12.00
# Visual Studio Version 17
VisualStudioVersion = 17.0.32126.317
MinimumVisualStudioVersion = 10.0.40219.1
Project("{FAE04EC0-301F-11D3-BF4B-00C04F79EFBC}") = "29032022", "29032022\29032022.csproj", "{E940939A-BBCA-47C7-8C58-FC8DD26294D8}"
EndProject
Project("{FAE04EC0-301F-11D3-BF4B-00C04F79EFBC}") = "NewConsole", "NewConsole\NewConsole.csproj", "{88E00C85-5422-4B34-AE0C-6CA435501ACE}"
EndProject
Project("{FAE04EC0-301F-11D3-BF4B-00C04F79EFBC}") = "ClassLibrary", "ClassLibrary\ClassLibrary.csproj", "{7CC6B982-98F0-416B-B1BD-6FA88E653F06}"
EndProject
Global
	GlobalSection(SolutionConfigurationPlatforms) = preSolution
		Debug|Any CPU = Debug|Any CPU
		Release|Any CPU = Release|Any CPU
	EndGlobalSection
	GlobalSection(ProjectConfigurationPlatforms) = postSolution
		{E940939A-BBCA-47C7-8C58-FC8DD26294D8}.Debug|Any CPU.ActiveCfg = Debug|Any CPU
		{E940939A-BBCA-47C7-8C58-FC8DD26294D8}.Debug|Any CPU.Build.0 = Debug|Any CPU
		{E940939A-BBCA-47C7-8C58-FC8DD26294D8}.Release|Any CPU.ActiveCfg = Release|Any CPU
		{E940939A-BBCA-47C7-8C58-FC8DD26294D8}.Release|Any CPU.Build.0 = Release|Any CPU
		{88E00C85-5422-4B34-AE0C-6CA435501ACE}.Debug|Any CPU.ActiveCfg = Debug|Any CPU
		{88E00C85-5422-4B34-AE0C-6CA435501ACE}.Debug|Any CPU.Build.0 = Debug|Any CPU
		{88E00C85-5422-4B34-AE0C-6CA435501ACE}.Release|Any CPU.ActiveCfg = Release|Any CPU
		{88E00C85-5422-4B34-AE0C-6CA435501ACE}.Release|Any CPU.Build.0 = Release|Any CPU
		{7CC6B982-98F0-416B-B1BD-6FA88E653F06}.Debug|Any CPU.ActiveCfg = Debug|Any CPU
		{7CC6B982-98F0-416B-B1BD-6FA88E653F06}.Debug|Any CPU.Build.0 = Debug|Any CPU
		{7CC6B982-98F0-416B-B1BD-6FA88E653F06}.Release|Any CPU.ActiveCfg = Release|Any CPU
		{7CC6B982-98F0-416B-B1BD-6FA88E653F06}.Release|Any CPU.Build.0 = Release|Any CPU
	EndGlobalSection
	GlobalSection(SolutionProperties) = preSolution
		HideSolutionNode = FALSE
	EndGlobalSection
	GlobalSection(ExtensibilityGlobals) = postSolution
		SolutionGuid = {892C99F0-6555-4C14-8486-11D65CC829CB}
	EndGlobalSection
EndGlobal
